
Microsoft Visual Studio Solution File, Format Version 12.00
# Visual Studio Version 17
VisualStudioVersion = 17.10.35013.160
MinimumVisualStudioVersion = 10.0.40219.1
Project("{FAE04EC0-301F-11D3-BF4B-00C04F79EFBC}") = "ExceLite", "ExceLite\ExceLite.csproj", "{C6D3C661-D8EE-4468-9149-70F8647145BC}"
EndProject
Project("{2150E333-8FDC-42A3-9474-1A3956D46DE8}") = "Tests", "Tests", "{17F6045C-27A8-4CDF-92E4-6053FFF55CD1}"
EndProject
Project("{FAE04EC0-301F-11D3-BF4B-00C04F79EFBC}") = "ExceLite.Unit.Tests", "ExceLite.Unit.Tests\ExceLite.Unit.Tests.csproj", "{010353B3-CF80-486B-B862-3138D253A09D}"
EndProject
Global
	GlobalSection(SolutionConfigurationPlatforms) = preSolution
		Debug|Any CPU = Debug|Any CPU
		Release|Any CPU = Release|Any CPU
	EndGlobalSection
	GlobalSection(ProjectConfigurationPlatforms) = postSolution
		{C6D3C661-D8EE-4468-9149-70F8647145BC}.Debug|Any CPU.ActiveCfg = Debug|Any CPU
		{C6D3C661-D8EE-4468-9149-70F8647145BC}.Debug|Any CPU.Build.0 = Debug|Any CPU
		{C6D3C661-D8EE-4468-9149-70F8647145BC}.Release|Any CPU.ActiveCfg = Release|Any CPU
		{C6D3C661-D8EE-4468-9149-70F8647145BC}.Release|Any CPU.Build.0 = Release|Any CPU
		{010353B3-CF80-486B-B862-3138D253A09D}.Debug|Any CPU.ActiveCfg = Debug|Any CPU
		{010353B3-CF80-486B-B862-3138D253A09D}.Debug|Any CPU.Build.0 = Debug|Any CPU
		{010353B3-CF80-486B-B862-3138D253A09D}.Release|Any CPU.ActiveCfg = Release|Any CPU
		{010353B3-CF80-486B-B862-3138D253A09D}.Release|Any CPU.Build.0 = Release|Any CPU
	EndGlobalSection
	GlobalSection(SolutionProperties) = preSolution
		HideSolutionNode = FALSE
	EndGlobalSection
	GlobalSection(NestedProjects) = preSolution
		{010353B3-CF80-486B-B862-3138D253A09D} = {17F6045C-27A8-4CDF-92E4-6053FFF55CD1}
	EndGlobalSection
	GlobalSection(ExtensibilityGlobals) = postSolution
		SolutionGuid = {94C4E726-9CCD-4E30-B721-9B767C89FCB6}
	EndGlobalSection
EndGlobal
